// !$*UTF8*$!
{
	archiveVersion = 1;
	classes = {
	};
	objectVersion = 55;
	objects = {

/* Begin PBXBuildFile section */
		2662D2C82689B802003475CD /* SwiftuiTestingSheetOnSheetApp.swift in Sources */ = {isa = PBXBuildFile; fileRef = 2662D2C72689B802003475CD /* SwiftuiTestingSheetOnSheetApp.swift */; };
		2662D2CA2689B802003475CD /* ContentView.swift in Sources */ = {isa = PBXBuildFile; fileRef = 2662D2C92689B802003475CD /* ContentView.swift */; };
		2662D2CC2689B805003475CD /* Assets.xcassets in Resources */ = {isa = PBXBuildFile; fileRef = 2662D2CB2689B805003475CD /* Assets.xcassets */; };
		2662D2CF2689B805003475CD /* Preview Assets.xcassets in Resources */ = {isa = PBXBuildFile; fileRef = 2662D2CE2689B805003475CD /* Preview Assets.xcassets */; };
		2662D2D62689C790003475CD /* Markets.swift in Sources */ = {isa = PBXBuildFile; fileRef = 2662D2D52689C790003475CD /* Markets.swift */; };
		2662D2D82689CB77003475CD /* Securities.swift in Sources */ = {isa = PBXBuildFile; fileRef = 2662D2D72689CB77003475CD /* Securities.swift */; };
		2662D2DA2689CDDD003475CD /* SecurityDetailsView.swift in Sources */ = {isa = PBXBuildFile; fileRef = 2662D2D92689CDDD003475CD /* SecurityDetailsView.swift */; };
		2662D2DC2689D044003475CD /* SecurityEditView.swift in Sources */ = {isa = PBXBuildFile; fileRef = 2662D2DB2689D044003475CD /* SecurityEditView.swift */; };
		2662D2DE2689D170003475CD /* SecurityCard.swift in Sources */ = {isa = PBXBuildFile; fileRef = 2662D2DD2689D170003475CD /* SecurityCard.swift */; };
		2662D2E02689D1A3003475CD /* SecuritiesView.swift in Sources */ = {isa = PBXBuildFile; fileRef = 2662D2DF2689D1A3003475CD /* SecuritiesView.swift */; };
		2662D2E22689D43D003475CD /* MarketsSelectionView.swift in Sources */ = {isa = PBXBuildFile; fileRef = 2662D2E12689D43D003475CD /* MarketsSelectionView.swift */; };
		2662D2E42689D48E003475CD /* MarketEditView.swift in Sources */ = {isa = PBXBuildFile; fileRef = 2662D2E32689D48E003475CD /* MarketEditView.swift */; };
		26BAE5FC268B3927008F324A /* MarketsView.swift in Sources */ = {isa = PBXBuildFile; fileRef = 26BAE5FB268B3927008F324A /* MarketsView.swift */; };
		26BAE5FE268B3963008F324A /* MaketCard.swift in Sources */ = {isa = PBXBuildFile; fileRef = 26BAE5FD268B3963008F324A /* MaketCard.swift */; };
		26BAE600268B39CC008F324A /* MarketDetailsView.swift in Sources */ = {isa = PBXBuildFile; fileRef = 26BAE5FF268B39CC008F324A /* MarketDetailsView.swift */; };
/* End PBXBuildFile section */

/* Begin PBXFileReference section */
		2662D2C42689B802003475CD /* SwiftuiTestingSheetOnSheet.app */ = {isa = PBXFileReference; explicitFileType = wrapper.application; includeInIndex = 0; path = SwiftuiTestingSheetOnSheet.app; sourceTree = BUILT_PRODUCTS_DIR; };
		2662D2C72689B802003475CD /* SwiftuiTestingSheetOnSheetApp.swift */ = {isa = PBXFileReference; lastKnownFileType = sourcecode.swift; path = SwiftuiTestingSheetOnSheetApp.swift; sourceTree = "<group>"; };
		2662D2C92689B802003475CD /* ContentView.swift */ = {isa = PBXFileReference; lastKnownFileType = sourcecode.swift; path = ContentView.swift; sourceTree = "<group>"; };
		2662D2CB2689B805003475CD /* Assets.xcassets */ = {isa = PBXFileReference; lastKnownFileType = folder.assetcatalog; path = Assets.xcassets; sourceTree = "<group>"; };
		2662D2CE2689B805003475CD /* Preview Assets.xcassets */ = {isa = PBXFileReference; lastKnownFileType = folder.assetcatalog; path = "Preview Assets.xcassets"; sourceTree = "<group>"; };
		2662D2D52689C790003475CD /* Markets.swift */ = {isa = PBXFileReference; lastKnownFileType = sourcecode.swift; path = Markets.swift; sourceTree = "<group>"; };
		2662D2D72689CB77003475CD /* Securities.swift */ = {isa = PBXFileReference; lastKnownFileType = sourcecode.swift; path = Securities.swift; sourceTree = "<group>"; };
		2662D2D92689CDDD003475CD /* SecurityDetailsView.swift */ = {isa = PBXFileReference; lastKnownFileType = sourcecode.swift; path = SecurityDetailsView.swift; sourceTree = "<group>"; };
		2662D2DB2689D044003475CD /* SecurityEditView.swift */ = {isa = PBXFileReference; lastKnownFileType = sourcecode.swift; path = SecurityEditView.swift; sourceTree = "<group>"; };
		2662D2DD2689D170003475CD /* SecurityCard.swift */ = {isa = PBXFileReference; lastKnownFileType = sourcecode.swift; path = SecurityCard.swift; sourceTree = "<group>"; };
		2662D2DF2689D1A3003475CD /* SecuritiesView.swift */ = {isa = PBXFileReference; lastKnownFileType = sourcecode.swift; path = SecuritiesView.swift; sourceTree = "<group>"; };
		2662D2E12689D43D003475CD /* MarketsSelectionView.swift */ = {isa = PBXFileReference; lastKnownFileType = sourcecode.swift; path = MarketsSelectionView.swift; sourceTree = "<group>"; };
		2662D2E32689D48E003475CD /* MarketEditView.swift */ = {isa = PBXFileReference; lastKnownFileType = sourcecode.swift; path = MarketEditView.swift; sourceTree = "<group>"; };
		26BAE5FB268B3927008F324A /* MarketsView.swift */ = {isa = PBXFileReference; lastKnownFileType = sourcecode.swift; path = MarketsView.swift; sourceTree = "<group>"; };
		26BAE5FD268B3963008F324A /* MaketCard.swift */ = {isa = PBXFileReference; lastKnownFileType = sourcecode.swift; path = MaketCard.swift; sourceTree = "<group>"; };
		26BAE5FF268B39CC008F324A /* MarketDetailsView.swift */ = {isa = PBXFileReference; lastKnownFileType = sourcecode.swift; path = MarketDetailsView.swift; sourceTree = "<group>"; };
/* End PBXFileReference section */

/* Begin PBXFrameworksBuildPhase section */
		2662D2C12689B802003475CD /* Frameworks */ = {
			isa = PBXFrameworksBuildPhase;
			buildActionMask = 2147483647;
			files = (
			);
			runOnlyForDeploymentPostprocessing = 0;
		};
/* End PBXFrameworksBuildPhase section */

/* Begin PBXGroup section */
		2662D2BB2689B802003475CD = {
			isa = PBXGroup;
			children = (
				2662D2C62689B802003475CD /* SwiftuiTestingSheetOnSheet */,
				2662D2C52689B802003475CD /* Products */,
			);
			sourceTree = "<group>";
		};
		2662D2C52689B802003475CD /* Products */ = {
			isa = PBXGroup;
			children = (
				2662D2C42689B802003475CD /* SwiftuiTestingSheetOnSheet.app */,
			);
			name = Products;
			sourceTree = "<group>";
		};
		2662D2C62689B802003475CD /* SwiftuiTestingSheetOnSheet */ = {
			isa = PBXGroup;
			children = (
				2662D2C72689B802003475CD /* SwiftuiTestingSheetOnSheetApp.swift */,
				2662D2C92689B802003475CD /* ContentView.swift */,
				2662D2E62689E069003475CD /* markets */,
				2662D2E52689E05A003475CD /* securities */,
				2662D2CB2689B805003475CD /* Assets.xcassets */,
				2662D2CD2689B805003475CD /* Preview Content */,
			);
			path = SwiftuiTestingSheetOnSheet;
			sourceTree = "<group>";
		};
		2662D2CD2689B805003475CD /* Preview Content */ = {
			isa = PBXGroup;
			children = (
				2662D2CE2689B805003475CD /* Preview Assets.xcassets */,
			);
			path = "Preview Content";
			sourceTree = "<group>";
		};
		2662D2E52689E05A003475CD /* securities */ = {
			isa = PBXGroup;
			children = (
				2662D2D72689CB77003475CD /* Securities.swift */,
				2662D2DF2689D1A3003475CD /* SecuritiesView.swift */,
				2662D2DD2689D170003475CD /* SecurityCard.swift */,
				2662D2D92689CDDD003475CD /* SecurityDetailsView.swift */,
				2662D2DB2689D044003475CD /* SecurityEditView.swift */,
			);
			path = securities;
			sourceTree = "<group>";
		};
		2662D2E62689E069003475CD /* markets */ = {
			isa = PBXGroup;
			children = (
				2662D2D52689C790003475CD /* Markets.swift */,
				2662D2E32689D48E003475CD /* MarketEditView.swift */,
				2662D2E12689D43D003475CD /* MarketsSelectionView.swift */,
				26BAE5FB268B3927008F324A /* MarketsView.swift */,
				26BAE5FF268B39CC008F324A /* MarketDetailsView.swift */,
				26BAE5FD268B3963008F324A /* MaketCard.swift */,
			);
			path = markets;
			sourceTree = "<group>";
		};
/* End PBXGroup section */

/* Begin PBXNativeTarget section */
		2662D2C32689B802003475CD /* SwiftuiTestingSheetOnSheet */ = {
			isa = PBXNativeTarget;
			buildConfigurationList = 2662D2D22689B805003475CD /* Build configuration list for PBXNativeTarget "SwiftuiTestingSheetOnSheet" */;
			buildPhases = (
				2662D2C02689B802003475CD /* Sources */,
				2662D2C12689B802003475CD /* Frameworks */,
				2662D2C22689B802003475CD /* Resources */,
			);
			buildRules = (
			);
			dependencies = (
			);
			name = SwiftuiTestingSheetOnSheet;
			productName = SwiftuiTestingSheetOnSheet;
			productReference = 2662D2C42689B802003475CD /* SwiftuiTestingSheetOnSheet.app */;
			productType = "com.apple.product-type.application";
		};
/* End PBXNativeTarget section */

/* Begin PBXProject section */
		2662D2BC2689B802003475CD /* Project object */ = {
			isa = PBXProject;
			attributes = {
				BuildIndependentTargetsInParallel = 1;
				LastSwiftUpdateCheck = 1300;
				LastUpgradeCheck = 1300;
				TargetAttributes = {
					2662D2C32689B802003475CD = {
						CreatedOnToolsVersion = 13.0;
					};
				};
			};
			buildConfigurationList = 2662D2BF2689B802003475CD /* Build configuration list for PBXProject "SwiftuiTestingSheetOnSheet" */;
			compatibilityVersion = "Xcode 13.0";
			developmentRegion = en;
			hasScannedForEncodings = 0;
			knownRegions = (
				en,
				Base,
			);
			mainGroup = 2662D2BB2689B802003475CD;
			productRefGroup = 2662D2C52689B802003475CD /* Products */;
			projectDirPath = "";
			projectRoot = "";
			targets = (
				2662D2C32689B802003475CD /* SwiftuiTestingSheetOnSheet */,
			);
		};
/* End PBXProject section */

/* Begin PBXResourcesBuildPhase section */
		2662D2C22689B802003475CD /* Resources */ = {
			isa = PBXResourcesBuildPhase;
			buildActionMask = 2147483647;
			files = (
				2662D2CF2689B805003475CD /* Preview Assets.xcassets in Resources */,
				2662D2CC2689B805003475CD /* Assets.xcassets in Resources */,
			);
			runOnlyForDeploymentPostprocessing = 0;
		};
/* End PBXResourcesBuildPhase section */

/* Begin PBXSourcesBuildPhase section */
		2662D2C02689B802003475CD /* Sources */ = {
			isa = PBXSourcesBuildPhase;
			buildActionMask = 2147483647;
			files = (
				2662D2DC2689D044003475CD /* SecurityEditView.swift in Sources */,
				2662D2CA2689B802003475CD /* ContentView.swift in Sources */,
				26BAE5FE268B3963008F324A /* MaketCard.swift in Sources */,
				2662D2E22689D43D003475CD /* MarketsSelectionView.swift in Sources */,
				2662D2E02689D1A3003475CD /* SecuritiesView.swift in Sources */,
				26BAE5FC268B3927008F324A /* MarketsView.swift in Sources */,
				2662D2E42689D48E003475CD /* MarketEditView.swift in Sources */,
				2662D2D62689C790003475CD /* Markets.swift in Sources */,
				2662D2C82689B802003475CD /* SwiftuiTestingSheetOnSheetApp.swift in Sources */,
				2662D2DE2689D170003475CD /* SecurityCard.swift in Sources */,
				26BAE600268B39CC008F324A /* MarketDetailsView.swift in Sources */,
				2662D2D82689CB77003475CD /* Securities.swift in Sources */,
				2662D2DA2689CDDD003475CD /* SecurityDetailsView.swift in Sources */,
			);
			runOnlyForDeploymentPostprocessing = 0;
		};
/* End PBXSourcesBuildPhase section */

/* Begin XCBuildConfiguration section */
		2662D2D02689B805003475CD /* Debug */ = {
			isa = XCBuildConfiguration;
			buildSettings = {
				ALWAYS_SEARCH_USER_PATHS = NO;
				CLANG_ANALYZER_NONNULL = YES;
				CLANG_ANALYZER_NUMBER_OBJECT_CONVERSION = YES_AGGRESSIVE;
				CLANG_CXX_LANGUAGE_STANDARD = "gnu++14";
				CLANG_CXX_LIBRARY = "libc++";
				CLANG_ENABLE_MODULES = YES;
				CLANG_ENABLE_OBJC_ARC = YES;
				CLANG_ENABLE_OBJC_WEAK = YES;
				CLANG_WARN_BLOCK_CAPTURE_AUTORELEASING = YES;
				CLANG_WARN_BOOL_CONVERSION = YES;
				CLANG_WARN_COMMA = YES;
				CLANG_WARN_CONSTANT_CONVERSION = YES;
				CLANG_WARN_DEPRECATED_OBJC_IMPLEMENTATIONS = YES;
				CLANG_WARN_DIRECT_OBJC_ISA_USAGE = YES_ERROR;
				CLANG_WARN_DOCUMENTATION_COMMENTS = YES;
				CLANG_WARN_EMPTY_BODY = YES;
				CLANG_WARN_ENUM_CONVERSION = YES;
				CLANG_WARN_INFINITE_RECURSION = YES;
				CLANG_WARN_INT_CONVERSION = YES;
				CLANG_WARN_NON_LITERAL_NULL_CONVERSION = YES;
				CLANG_WARN_OBJC_IMPLICIT_RETAIN_SELF = YES;
				CLANG_WARN_OBJC_LITERAL_CONVERSION = YES;
				CLANG_WARN_OBJC_ROOT_CLASS = YES_ERROR;
				CLANG_WARN_QUOTED_INCLUDE_IN_FRAMEWORK_HEADER = YES;
				CLANG_WARN_RANGE_LOOP_ANALYSIS = YES;
				CLANG_WARN_STRICT_PROTOTYPES = YES;
				CLANG_WARN_SUSPICIOUS_MOVE = YES;
				CLANG_WARN_UNGUARDED_AVAILABILITY = YES_AGGRESSIVE;
				CLANG_WARN_UNREACHABLE_CODE = YES;
				CLANG_WARN__DUPLICATE_METHOD_MATCH = YES;
				COPY_PHASE_STRIP = NO;
				DEBUG_INFORMATION_FORMAT = dwarf;
				ENABLE_STRICT_OBJC_MSGSEND = YES;
				ENABLE_TESTABILITY = YES;
				GCC_C_LANGUAGE_STANDARD = gnu11;
				GCC_DYNAMIC_NO_PIC = NO;
				GCC_NO_COMMON_BLOCKS = YES;
				GCC_OPTIMIZATION_LEVEL = 0;
				GCC_PREPROCESSOR_DEFINITIONS = (
					"DEBUG=1",
					"$(inherited)",
				);
				GCC_WARN_64_TO_32_BIT_CONVERSION = YES;
				GCC_WARN_ABOUT_RETURN_TYPE = YES_ERROR;
				GCC_WARN_UNDECLARED_SELECTOR = YES;
				GCC_WARN_UNINITIALIZED_AUTOS = YES_AGGRESSIVE;
				GCC_WARN_UNUSED_FUNCTION = YES;
				GCC_WARN_UNUSED_VARIABLE = YES;
				IPHONEOS_DEPLOYMENT_TARGET = 15.0;
				MTL_ENABLE_DEBUG_INFO = INCLUDE_SOURCE;
				MTL_FAST_MATH = YES;
				ONLY_ACTIVE_ARCH = YES;
				SDKROOT = iphoneos;
				SWIFT_ACTIVE_COMPILATION_CONDITIONS = DEBUG;
				SWIFT_OPTIMIZATION_LEVEL = "-Onone";
				SWIFT_VERSION = "";
			};
			name = Debug;
		};
		2662D2D12689B805003475CD /* Release */ = {
			isa = XCBuildConfiguration;
			buildSettings = {
				ALWAYS_SEARCH_USER_PATHS = NO;
				CLANG_ANALYZER_NONNULL = YES;
				CLANG_ANALYZER_NUMBER_OBJECT_CONVERSION = YES_AGGRESSIVE;
				CLANG_CXX_LANGUAGE_STANDARD = "gnu++14";
				CLANG_CXX_LIBRARY = "libc++";
				CLANG_ENABLE_MODULES = YES;
				CLANG_ENABLE_OBJC_ARC = YES;
				CLANG_ENABLE_OBJC_WEAK = YES;
				CLANG_WARN_BLOCK_CAPTURE_AUTORELEASING = YES;
				CLANG_WARN_BOOL_CONVERSION = YES;
				CLANG_WARN_COMMA = YES;
				CLANG_WARN_CONSTANT_CONVERSION = YES;
				CLANG_WARN_DEPRECATED_OBJC_IMPLEMENTATIONS = YES;
				CLANG_WARN_DIRECT_OBJC_ISA_USAGE = YES_ERROR;
				CLANG_WARN_DOCUMENTATION_COMMENTS = YES;
				CLANG_WARN_EMPTY_BODY = YES;
				CLANG_WARN_ENUM_CONVERSION = YES;
				CLANG_WARN_INFINITE_RECURSION = YES;
				CLANG_WARN_INT_CONVERSION = YES;
				CLANG_WARN_NON_LITERAL_NULL_CONVERSION = YES;
				CLANG_WARN_OBJC_IMPLICIT_RETAIN_SELF = YES;
				CLANG_WARN_OBJC_LITERAL_CONVERSION = YES;
				CLANG_WARN_OBJC_ROOT_CLASS = YES_ERROR;
				CLANG_WARN_QUOTED_INCLUDE_IN_FRAMEWORK_HEADER = YES;
				CLANG_WARN_RANGE_LOOP_ANALYSIS = YES;
				CLANG_WARN_STRICT_PROTOTYPES = YES;
				CLANG_WARN_SUSPICIOUS_MOVE = YES;
				CLANG_WARN_UNGUARDED_AVAILABILITY = YES_AGGRESSIVE;
				CLANG_WARN_UNREACHABLE_CODE = YES;
				CLANG_WARN__DUPLICATE_METHOD_MATCH = YES;
				COPY_PHASE_STRIP = NO;
				DEBUG_INFORMATION_FORMAT = "dwarf-with-dsym";
				ENABLE_NS_ASSERTIONS = NO;
				ENABLE_STRICT_OBJC_MSGSEND = YES;
				GCC_C_LANGUAGE_STANDARD = gnu11;
				GCC_NO_COMMON_BLOCKS = YES;
				GCC_WARN_64_TO_32_BIT_CONVERSION = YES;
				GCC_WARN_ABOUT_RETURN_TYPE = YES_ERROR;
				GCC_WARN_UNDECLARED_SELECTOR = YES;
				GCC_WARN_UNINITIALIZED_AUTOS = YES_AGGRESSIVE;
				GCC_WARN_UNUSED_FUNCTION = YES;
				GCC_WARN_UNUSED_VARIABLE = YES;
				IPHONEOS_DEPLOYMENT_TARGET = 15.0;
				MTL_ENABLE_DEBUG_INFO = NO;
				MTL_FAST_MATH = YES;
				SDKROOT = iphoneos;
				SWIFT_COMPILATION_MODE = wholemodule;
				SWIFT_OPTIMIZATION_LEVEL = "-O";
				SWIFT_VERSION = "";
				VALIDATE_PRODUCT = YES;
			};
			name = Release;
		};
		2662D2D32689B805003475CD /* Debug */ = {
			isa = XCBuildConfiguration;
			buildSettings = {
				ASSETCATALOG_COMPILER_APPICON_NAME = AppIcon;
				ASSETCATALOG_COMPILER_GLOBAL_ACCENT_COLOR_NAME = AccentColor;
				CODE_SIGN_STYLE = Automatic;
				CURRENT_PROJECT_VERSION = 1;
				DEVELOPMENT_ASSET_PATHS = "\"SwiftuiTestingSheetOnSheet/Preview Content\"";
				DEVELOPMENT_TEAM = 7E75BZ6UXG;
				ENABLE_PREVIEWS = YES;
				GENERATE_INFOPLIST_FILE = YES;
				INFOPLIST_KEY_UIApplicationSceneManifest_Generation = YES;
				INFOPLIST_KEY_UIApplicationSupportsIndirectInputEvents = YES;
				INFOPLIST_KEY_UILaunchScreen_Generation = YES;
				INFOPLIST_KEY_UISupportedInterfaceOrientations_iPad = "UIInterfaceOrientationPortrait UIInterfaceOrientationPortraitUpsideDown UIInterfaceOrientationLandscapeLeft UIInterfaceOrientationLandscapeRight";
				INFOPLIST_KEY_UISupportedInterfaceOrientations_iPhone = "UIInterfaceOrientationPortrait UIInterfaceOrientationLandscapeLeft UIInterfaceOrientationLandscapeRight";
				IPHONEOS_DEPLOYMENT_TARGET = 14.5;
				LD_RUNPATH_SEARCH_PATHS = (
					"$(inherited)",
					"@executable_path/Frameworks",
				);
				MARKETING_VERSION = 1.0;
				PRODUCT_BUNDLE_IDENTIFIER = Yes.SwiftuiTestingSheetOnSheet;
				PRODUCT_NAME = "$(TARGET_NAME)";
				SWIFT_EMIT_LOC_STRINGS = YES;
				SWIFT_VERSION = 5.0;
				TARGETED_DEVICE_FAMILY = "1,2";
			};
			name = Debug;
		};
		2662D2D42689B805003475CD /* Release */ = {
			isa = XCBuildConfiguration;
			buildSettings = {
				ASSETCATALOG_COMPILER_APPICON_NAME = AppIcon;
				ASSETCATALOG_COMPILER_GLOBAL_ACCENT_COLOR_NAME = AccentColor;
				CODE_SIGN_STYLE = Automatic;
				CURRENT_PROJECT_VERSION = 1;
				DEVELOPMENT_ASSET_PATHS = "\"SwiftuiTestingSheetOnSheet/Preview Content\"";
				DEVELOPMENT_TEAM = 7E75BZ6UXG;
				ENABLE_PREVIEWS = YES;
				GENERATE_INFOPLIST_FILE = YES;
				INFOPLIST_KEY_UIApplicationSceneManifest_Generation = YES;
				INFOPLIST_KEY_UIApplicationSupportsIndirectInputEvents = YES;
				INFOPLIST_KEY_UILaunchScreen_Generation = YES;
				INFOPLIST_KEY_UISupportedInterfaceOrientations_iPad = "UIInterfaceOrientationPortrait UIInterfaceOrientationPortraitUpsideDown UIInterfaceOrientationLandscapeLeft UIInterfaceOrientationLandscapeRight";
				INFOPLIST_KEY_UISupportedInterfaceOrientations_iPhone = "UIInterfaceOrientationPortrait UIInterfaceOrientationLandscapeLeft UIInterfaceOrientationLandscapeRight";
				IPHONEOS_DEPLOYMENT_TARGET = 14.5;
				LD_RUNPATH_SEARCH_PATHS = (
					"$(inherited)",
					"@executable_path/Frameworks",
				);
				MARKETING_VERSION = 1.0;
				PRODUCT_BUNDLE_IDENTIFIER = Yes.SwiftuiTestingSheetOnSheet;
				PRODUCT_NAME = "$(TARGET_NAME)";
				SWIFT_EMIT_LOC_STRINGS = YES;
				SWIFT_VERSION = 5.0;
				TARGETED_DEVICE_FAMILY = "1,2";
			};
			name = Release;
		};
/* End XCBuildConfiguration section */

/* Begin XCConfigurationList section */
		2662D2BF2689B802003475CD /* Build configuration list for PBXProject "SwiftuiTestingSheetOnSheet" */ = {
			isa = XCConfigurationList;
			buildConfigurations = (
				2662D2D02689B805003475CD /* Debug */,
				2662D2D12689B805003475CD /* Release */,
			);
			defaultConfigurationIsVisible = 0;
			defaultConfigurationName = Release;
		};
		2662D2D22689B805003475CD /* Build configuration list for PBXNativeTarget "SwiftuiTestingSheetOnSheet" */ = {
			isa = XCConfigurationList;
			buildConfigurations = (
				2662D2D32689B805003475CD /* Debug */,
				2662D2D42689B805003475CD /* Release */,
			);
			defaultConfigurationIsVisible = 0;
			defaultConfigurationName = Release;
		};
/* End XCConfigurationList section */
	};
	rootObject = 2662D2BC2689B802003475CD /* Project object */;
}
